<?xml version="1.0" encoding="UTF-8" standalone="yes" ?>
<CodeBlocks_project_file>
	<FileVersion major="1" minor="6" />
	<Project>
		<Option title="Armagetron" />
		<Option pch_mode="0" />
		<Option compiler="gcc" />
		<Build>
			<Target title="Win32 Release">
				<Option output="../dist/armagetronad.exe" prefix_auto="0" extension_auto="0" />
				<Option working_dir="../dist" />
				<Option object_output="tmp/Armagetron___Win32_Release" />
				<Option type="0" />
				<Option compiler="gcc" />
				<Option projectResourceIncludeDirsRelation="0" />
				<Compiler>
					<Add option="-O2" />
					<Add option="-W" />
					<Add option="-DNDEBUG" />
					<Add option="-DDIRTY" />
				</Compiler>
				<Linker>
					<Add option="-s" />
					<Add library="..\dist\libSDL.a" />
					<Add library="..\dist\libSDL_image.a" />
					<Add library="..\dist\libSDL_mixer.a" />
				</Linker>
			</Target>
			<Target title="Win32 Debug">
				<Option output="../debug/armagetronad.exe" prefix_auto="0" extension_auto="0" />
				<Option working_dir="../debug" />
				<Option object_output="tmp/Armagetron___Win32_Debug" />
				<Option type="0" />
				<Option compiler="gcc" />
				<Option projectResourceIncludeDirsRelation="0" />
				<Compiler>
					<Add option="-W" />
					<Add option="-g" />
					<Add option="-DNDEBUG" />
					<Add option="-DDEBUG" />
				</Compiler>
				<Linker>
					<Add library="..\debug\libSDL.a" />
					<Add library="..\debug\libSDL_image.a" />
					<Add library="..\debug\libSDL_mixer.a" />
				</Linker>
			</Target>
		</Build>
		<VirtualTargets>
			<Add alias="All" targets="Win32 Release;Win32 Debug;" />
		</VirtualTargets>
		<Compiler>
			<Add option="-std=gnu++0x" />
			<Add option="-fexceptions" />
			<Add option="-DWIN32" />
			<Add option="-D_WINDOWS" />
			<Add option="-D_MBCS" />
			<Add option="-DDONTUSEMEMMANAGER" />
			<Add directory="../armagetronad/src" />
			<Add directory="../armagetronad/src/engine" />
			<Add directory="../armagetronad/src/network" />
			<Add directory="../armagetronad/src/render" />
			<Add directory="../armagetronad/src/tools" />
			<Add directory="../armagetronad/src/ui" />
			<Add directory="../armagetronad/src/win32" />
			<Add directory="../winlibs/include" />
			<Add directory="../winlibs/SDL/include" />
			<Add directory="../winlibs/SDL_image" />
			<Add directory="../winlibs/SDL_image/VisualC/graphics/include" />
			<Add directory="../winlibs/SDL_mixer" />
			<Add directory="../winlibs/libxml2/include" />
			<Add directory="../winlibs/iconv/include" />
		</Compiler>
		<Linker>
			<Add library="libopengl32.a" />
			<Add library="libglu32.a" />
			<Add library="libshell32.a" />
			<Add library="libwsock32.a" />
			<Add library="..\winlibs\SDL_image\VisualC\graphics\lib\libpng13.lib" />
			<Add library="..\winlibs\libxml2\lib\libxml2.lib" />
		</Linker>
		<Unit filename="../CHANGELOG" />
		<Unit filename="../armagetronad/src/defs.h" />
		<Unit filename="../armagetronad/src/engine/eAdvWall.cpp" />
		<Unit filename="../armagetronad/src/engine/eAdvWall.h" />
		<Unit filename="../armagetronad/src/engine/eAuthentication.cpp" />
		<Unit filename="../armagetronad/src/engine/eAuthentication.h" />
		<Unit filename="../armagetronad/src/engine/eAxis.cpp" />
		<Unit filename="../armagetronad/src/engine/eAxis.h" />
		<Unit filename="../armagetronad/src/engine/eCamera.cpp" />
		<Unit filename="../armagetronad/src/engine/eCamera.h" />
		<Unit filename="../armagetronad/src/engine/eChat.cpp" />
		<Unit filename="../armagetronad/src/engine/eChat.h" />
		<Unit filename="../armagetronad/src/engine/eCoord.h" />
		<Unit filename="../armagetronad/src/engine/eDebugLine.cpp" />
		<Unit filename="../armagetronad/src/engine/eDebugLine.h" />
		<Unit filename="../armagetronad/src/engine/eDisplay.cpp" />
		<Unit filename="../armagetronad/src/engine/eFloor.cpp" />
		<Unit filename="../armagetronad/src/engine/eFloor.h" />
		<Unit filename="../armagetronad/src/engine/eGameObject.cpp" />
		<Unit filename="../armagetronad/src/engine/eGameObject.h" />
		<Unit filename="../armagetronad/src/engine/eGrid.cpp" />
		<Unit filename="../armagetronad/src/engine/eGrid.h" />
		<Unit filename="../armagetronad/src/engine/eKrawall.cpp" />
		<Unit filename="../armagetronad/src/engine/eKrawall.h" />
		<Unit filename="../armagetronad/src/engine/eLagCompensation.cpp" />
		<Unit filename="../armagetronad/src/engine/eLagCompensation.h" />
		<Unit filename="../armagetronad/src/engine/eNetGameObject.cpp" />
		<Unit filename="../armagetronad/src/engine/eNetGameObject.h" />
		<Unit filename="../armagetronad/src/engine/ePath.cpp" />
		<Unit filename="../armagetronad/src/engine/ePath.h" />
		<Unit filename="../armagetronad/src/engine/ePlayer.cpp" />
		<Unit filename="../armagetronad/src/engine/ePlayer.h" />
		<Unit filename="../armagetronad/src/engine/eRectangle.cpp" />
		<Unit filename="../armagetronad/src/engine/eRectangle.h" />
		<Unit filename="../armagetronad/src/engine/eSensor.cpp" />
		<Unit filename="../armagetronad/src/engine/eSensor.h" />
		<Unit filename="../armagetronad/src/engine/eSound.cpp" />
		<Unit filename="../armagetronad/src/engine/eSound.h" />
		<Unit filename="../armagetronad/src/engine/eTeam.cpp" />
		<Unit filename="../armagetronad/src/engine/eTeam.h" />
		<Unit filename="../armagetronad/src/engine/eTess2.h" />
		<Unit filename="../armagetronad/src/engine/eTimer.cpp" />
		<Unit filename="../armagetronad/src/engine/eTimer.h" />
		<Unit filename="../armagetronad/src/engine/eVoter.cpp" />
		<Unit filename="../armagetronad/src/engine/eVoter.h" />
		<Unit filename="../armagetronad/src/engine/eWall.cpp" />
		<Unit filename="../armagetronad/src/engine/eWall.h" />
		<Unit filename="../armagetronad/src/network/Makefile.in" />
		<Unit filename="../armagetronad/src/network/md5.cpp" />
		<Unit filename="../armagetronad/src/network/md5.h" />
		<Unit filename="../armagetronad/src/network/nAuthentication.cpp" />
		<Unit filename="../armagetronad/src/network/nAuthentication.h" />
		<Unit filename="../armagetronad/src/network/nConfig.cpp" />
		<Unit filename="../armagetronad/src/network/nConfig.h" />
		<Unit filename="../armagetronad/src/network/nKrawall.cpp" />
		<Unit filename="../armagetronad/src/network/nKrawall.h" />
		<Unit filename="../armagetronad/src/network/nKrawallPrivate.cpp" />
		<Unit filename="../armagetronad/src/network/nNetObject.cpp" />
		<Unit filename="../armagetronad/src/network/nNetObject.h" />
		<Unit filename="../armagetronad/src/network/nNetwork.cpp" />
		<Unit filename="../armagetronad/src/network/nNetwork.h" />
		<Unit filename="../armagetronad/src/network/nObserver.cpp" />
		<Unit filename="../armagetronad/src/network/nObserver.h" />
		<Unit filename="../armagetronad/src/network/nPriorizing.cpp" />
		<Unit filename="../armagetronad/src/network/nPriorizing.h" />
		<Unit filename="../armagetronad/src/network/nServerInfo.cpp" />
		<Unit filename="../armagetronad/src/network/nServerInfo.h" />
		<Unit filename="../armagetronad/src/network/nSimulatePing.h" />
		<Unit filename="../armagetronad/src/network/nSocket.cpp" />
		<Unit filename="../armagetronad/src/network/nSocket.h" />
		<Unit filename="../armagetronad/src/network/nSpamProtection.cpp" />
		<Unit filename="../armagetronad/src/network/nSpamProtection.h" />
		<Unit filename="../armagetronad/src/render/rConsole.cpp" />
		<Unit filename="../armagetronad/src/render/rConsole.h" />
		<Unit filename="../armagetronad/src/render/rConsoleGraph.cpp" />
		<Unit filename="../armagetronad/src/render/rDisplayList.cpp" />
		<Unit filename="../armagetronad/src/render/rDisplayList.h" />
		<Unit filename="../armagetronad/src/render/rFont.cpp" />
		<Unit filename="../armagetronad/src/render/rFont.h" />
		<Unit filename="../armagetronad/src/render/rGL.cpp" />
		<Unit filename="../armagetronad/src/render/rGL.h" />
		<Unit filename="../armagetronad/src/render/rGLRender.cpp" />
		<Unit filename="../armagetronad/src/render/rModel.cpp" />
		<Unit filename="../armagetronad/src/render/rModel.h" />
		<Unit filename="../armagetronad/src/render/rRender.cpp" />
		<Unit filename="../armagetronad/src/render/rRender.h" />
		<Unit filename="../armagetronad/src/render/rSDL.h" />
		<Unit filename="../armagetronad/src/render/rScreen.cpp" />
		<Unit filename="../armagetronad/src/render/rScreen.h" />
		<Unit filename="../armagetronad/src/render/rSysdep.cpp" />
		<Unit filename="../armagetronad/src/render/rSysdep.h" />
		<Unit filename="../armagetronad/src/render/rTexture.cpp" />
		<Unit filename="../armagetronad/src/render/rTexture.h" />
		<Unit filename="../armagetronad/src/render/rViewport.cpp" />
		<Unit filename="../armagetronad/src/render/rViewport.h" />
		<Unit filename="../armagetronad/src/tools/tArray.cpp" />
		<Unit filename="../armagetronad/src/tools/tArray.h" />
		<Unit filename="../armagetronad/src/tools/tCallback.cpp" />
		<Unit filename="../armagetronad/src/tools/tCallback.h" />
		<Unit filename="../armagetronad/src/tools/tCallbackString.h" />
		<Unit filename="../armagetronad/src/tools/tColor.cpp" />
		<Unit filename="../armagetronad/src/tools/tColor.h" />
		<Unit filename="../armagetronad/src/tools/tCommandLine.cpp" />
		<Unit filename="../armagetronad/src/tools/tCommandLine.h" />
		<Unit filename="../armagetronad/src/tools/tConfiguration.cpp" />
		<Unit filename="../armagetronad/src/tools/tConfiguration.h" />
		<Unit filename="../armagetronad/src/tools/tConsole.cpp" />
		<Unit filename="../armagetronad/src/tools/tConsole.h" />
		<Unit filename="../armagetronad/src/tools/tCrypt.cpp" />
		<Unit filename="../armagetronad/src/tools/tCrypt.h" />
		<Unit filename="../armagetronad/src/tools/tDirectories.cpp" />
		<Unit filename="../armagetronad/src/tools/tDirectories.h" />
		<Unit filename="../armagetronad/src/tools/tError.cpp" />
		<Unit filename="../armagetronad/src/tools/tError.h" />
		<Unit filename="../armagetronad/src/tools/tEventQueue.cpp" />
		<Unit filename="../armagetronad/src/tools/tEventQueue.h" />
		<Unit filename="../armagetronad/src/tools/tException.cpp" />
		<Unit filename="../armagetronad/src/tools/tException.h" />
		<Unit filename="../armagetronad/src/tools/tHeap.cpp" />
		<Unit filename="../armagetronad/src/tools/tHeap.h" />
		<Unit filename="../armagetronad/src/tools/tInitExit.h" />
		<Unit filename="../armagetronad/src/tools/tLinkedList.cpp" />
		<Unit filename="../armagetronad/src/tools/tLinkedList.h" />
		<Unit filename="../armagetronad/src/tools/tList.h" />
		<Unit filename="../armagetronad/src/tools/tLocale.cpp" />
		<Unit filename="../armagetronad/src/tools/tLocale.h" />
		<Unit filename="../armagetronad/src/tools/tMath.h" />
		<Unit filename="../armagetronad/src/tools/tMemManager.cpp" />
		<Unit filename="../armagetronad/src/tools/tMemManager.h" />
		<Unit filename="../armagetronad/src/tools/tMemStack.cpp" />
		<Unit filename="../armagetronad/src/tools/tMemStack.h" />
		<Unit filename="../armagetronad/src/tools/tRandom.cpp" />
		<Unit filename="../armagetronad/src/tools/tRandom.h" />
		<Unit filename="../armagetronad/src/tools/tRecorder.cpp" />
		<Unit filename="../armagetronad/src/tools/tRecorder.h" />
		<Unit filename="../armagetronad/src/tools/tRecorderInternal.cpp" />
		<Unit filename="../armagetronad/src/tools/tRecorderInternal.h" />
		<Unit filename="../armagetronad/src/tools/tReferenceHolder.h" />
		<Unit filename="../armagetronad/src/tools/tResourceManager.cpp" />
		<Unit filename="../armagetronad/src/tools/tResourceManager.h" />
		<Unit filename="../armagetronad/src/tools/tRing.cpp" />
		<Unit filename="../armagetronad/src/tools/tRing.h" />
		<Unit filename="../armagetronad/src/tools/tSafePTR.cpp" />
		<Unit filename="../armagetronad/src/tools/tSafePTR.h" />
		<Unit filename="../armagetronad/src/tools/tString.cpp" />
		<Unit filename="../armagetronad/src/tools/tString.h" />
		<Unit filename="../armagetronad/src/tools/tSysTime.cpp" />
		<Unit filename="../armagetronad/src/tools/tSysTime.h" />
		<Unit filename="../armagetronad/src/tools/tToDo.cpp" />
		<Unit filename="../armagetronad/src/tools/tToDo.h" />
		<Unit filename="../armagetronad/src/tron/gAIBase.cpp" />
		<Unit filename="../armagetronad/src/tron/gAIBase.h" />
		<Unit filename="../armagetronad/src/tron/gAICharacter.cpp" />
		<Unit filename="../armagetronad/src/tron/gAICharacter.h" />
		<Unit filename="../armagetronad/src/tron/gArena.cpp" />
		<Unit filename="../armagetronad/src/tron/gArena.h" />
		<Unit filename="../armagetronad/src/tron/gArmagetron.cpp" />
		<Unit filename="../armagetronad/src/tron/gCamera.cpp" />
		<Unit filename="../armagetronad/src/tron/gCamera.h" />
		<Unit filename="../armagetronad/src/tron/gCycle.cpp" />
		<Unit filename="../armagetronad/src/tron/gCycle.h" />
		<Unit filename="../armagetronad/src/tron/gCycleMovement.cpp" />
		<Unit filename="../armagetronad/src/tron/gCycleMovement.h" />
		<Unit filename="../armagetronad/src/tron/gExplosion.cpp" />
		<Unit filename="../armagetronad/src/tron/gExplosion.h" />
		<Unit filename="../armagetronad/src/tron/gFloor.cpp" />
		<Unit filename="../armagetronad/src/tron/gFriends.cpp" />
		<Unit filename="../armagetronad/src/tron/gFriends.h" />
		<Unit filename="../armagetronad/src/tron/gGame.cpp" />
		<Unit filename="../armagetronad/src/tron/gGame.h" />
		<Unit filename="../armagetronad/src/tron/gHud.cpp" />
		<Unit filename="../armagetronad/src/tron/gHud.h" />
		<Unit filename="../armagetronad/src/tron/gLanguageMenu.cpp" />
		<Unit filename="../armagetronad/src/tron/gLanguageMenu.h" />
		<Unit filename="../armagetronad/src/tron/gLogo.cpp" />
		<Unit filename="../armagetronad/src/tron/gLogo.h" />
		<Unit filename="../armagetronad/src/tron/gMenus.cpp" />
		<Unit filename="../armagetronad/src/tron/gMenus.h" />
		<Unit filename="../armagetronad/src/tron/gParser.cpp" />
		<Unit filename="../armagetronad/src/tron/gParser.h" />
		<Unit filename="../armagetronad/src/tron/gSensor.cpp" />
		<Unit filename="../armagetronad/src/tron/gSensor.h" />
		<Unit filename="../armagetronad/src/tron/gServerBrowser.cpp" />
		<Unit filename="../armagetronad/src/tron/gServerBrowser.h" />
		<Unit filename="../armagetronad/src/tron/gServerFavorites.cpp" />
		<Unit filename="../armagetronad/src/tron/gServerFavorites.h" />
		<Unit filename="../armagetronad/src/tron/gSparks.cpp" />
		<Unit filename="../armagetronad/src/tron/gSparks.h" />
		<Unit filename="../armagetronad/src/tron/gSpawn.cpp" />
		<Unit filename="../armagetronad/src/tron/gSpawn.h" />
		<Unit filename="../armagetronad/src/tron/gStuff.cpp" />
		<Unit filename="../armagetronad/src/tron/gStuff.h" />
		<Unit filename="../armagetronad/src/tron/gTeam.cpp" />
		<Unit filename="../armagetronad/src/tron/gTeam.h" />
		<Unit filename="../armagetronad/src/tron/gWall.cpp" />
		<Unit filename="../armagetronad/src/tron/gWall.h" />
		<Unit filename="../armagetronad/src/tron/gWinZone.cpp" />
		<Unit filename="../armagetronad/src/tron/gWinZone.h" />
		<Unit filename="../armagetronad/src/ui/uInput.cpp" />
		<Unit filename="../armagetronad/src/ui/uInput.h" />
		<Unit filename="../armagetronad/src/ui/uInputQueue.cpp" />
		<Unit filename="../armagetronad/src/ui/uInputQueue.h" />
		<Unit filename="../armagetronad/src/ui/uMenu.cpp" />
		<Unit filename="../armagetronad/src/ui/uMenu.h" />
		<Unit filename="../armagetronad/src/win32/config.h" />
		<Unit filename="../armagetronad/src/win32/dirent.c">
			<Option compilerVar="CC" />
		</Unit>
		<Unit filename="../debug/config/default.cfg" />
		<Unit filename="../debug/config/settings.cfg" />
		<Unit filename="../debug/config/settings_dedicated.cfg" />
		<Unit filename="../debug/language/deutsch.txt" />
		<Unit filename="../debug/language/english.txt" />
		<Unit filename="../debug/language/new.txt" />
		<Unit filename="../winlibs/SDL/src/main/win32/SDL_win32_main.c">
			<Option compilerVar="CC" />
		</Unit>
		<Unit filename="app.manifest" />
		<Unit filename="armagetron.rc">
			<Option compilerVar="WINDRES" />
		</Unit>
		<Extensions>
			<code_completion />
			<envvars />
			<debugger />
		</Extensions>
	</Project>
</CodeBlocks_project_file>
